
Microsoft Visual Studio Solution File, Format Version 12.00
# Visual Studio Version 17
VisualStudioVersion = 17.11.35219.272
MinimumVisualStudioVersion = 10.0.40219.1
Project("{FAE04EC0-301F-11D3-BF4B-00C04F79EFBC}") = "Excepciones", "Excepciones\Excepciones.csproj", "{D7C91D27-BE7B-461D-A6E1-9BECC2E4C517}"
EndProject
Project("{FAE04EC0-301F-11D3-BF4B-00C04F79EFBC}") = "ManejoExcepcionesWhile", "ManejoExcepcionesWhile\ManejoExcepcionesWhile.csproj", "{4873E41C-31A7-4D81-927C-F72E635DC8DA}"
EndProject
Global
	GlobalSection(SolutionConfigurationPlatforms) = preSolution
		Debug|Any CPU = Debug|Any CPU
		Release|Any CPU = Release|Any CPU
	EndGlobalSection
	GlobalSection(ProjectConfigurationPlatforms) = postSolution
		{D7C91D27-BE7B-461D-A6E1-9BECC2E4C517}.Debug|Any CPU.ActiveCfg = Debug|Any CPU
		{D7C91D27-BE7B-461D-A6E1-9BECC2E4C517}.Debug|Any CPU.Build.0 = Debug|Any CPU
		{D7C91D27-BE7B-461D-A6E1-9BECC2E4C517}.Release|Any CPU.ActiveCfg = Release|Any CPU
		{D7C91D27-BE7B-461D-A6E1-9BECC2E4C517}.Release|Any CPU.Build.0 = Release|Any CPU
		{4873E41C-31A7-4D81-927C-F72E635DC8DA}.Debug|Any CPU.ActiveCfg = Debug|Any CPU
		{4873E41C-31A7-4D81-927C-F72E635DC8DA}.Debug|Any CPU.Build.0 = Debug|Any CPU
		{4873E41C-31A7-4D81-927C-F72E635DC8DA}.Release|Any CPU.ActiveCfg = Release|Any CPU
		{4873E41C-31A7-4D81-927C-F72E635DC8DA}.Release|Any CPU.Build.0 = Release|Any CPU
	EndGlobalSection
	GlobalSection(SolutionProperties) = preSolution
		HideSolutionNode = FALSE
	EndGlobalSection
	GlobalSection(ExtensibilityGlobals) = postSolution
		SolutionGuid = {7DE3C007-9310-4735-894D-B572AD0A3178}
	EndGlobalSection
EndGlobal
